github.com/99designs/gqlgen v0.9.1/go.mod h1:HrrG7ic9EgLPsULxsZh/Ti+p0HNWgR3XRuvnD0pb5KY=
github.com/BurntSushi/toml v0.3.1/go.mod h1:xHWCNGjB5oqiDr8zfno3MHue2Ht5sIBksp03qcyfWMU=
github.com/agnivade/levenshtein v1.0.1/go.mod h1:CURSv5d9Uaml+FovSIICkLbAUZ9S4RqaHDIsdSBg7lM=
github.com/ajg/form v1.5.1/go.mod h1:uL1WgH+h2mgNtvBq0339dVnzXdBETtL2LeUXaIv25UY=
github.com/andreyvit/diff v0.0.0-20170406064948-c7f18ee00883/go.mod h1:rCTlJbsFo29Kk6CurOXKm700vrz8f0KW0JNfpkRJY/8=
github.com/armon/consul-api v0.0.0-20180202201655-eb2c6b5be1b6/go.mod h1:grANhF5doyWs3UAsr3K4I6qtAmlQcZDesFNEHPZAzj8=
github.com/coreos/etcd v3.3.10+incompatible/go.mod h1:uF7uidLiAD3TWHmW31ZFd/JWoc32PjwdhPthX9715RE=
github.com/coreos/go-etcd v2.0.0+incompatible/go.mod h1:Jez6KQU2B/sWsbdaef3ED8NzMklzPG4d5KIOhIy30Tk=
github.com/coreos/go-semver v0.2.0/go.mod h1:nnelYz7RCh+5ahJtPPxZlU+153eP4D4r3EedlOD2RNk=
github.com/cpuguy83/go-md2man v1.0.10/go.mod h1:SmD6nW6nTyfqj6ABTjUi3V3JVMnlJmwcJI5acqYI6dE=
github.com/crowley-io/macchiato v0.0.0-20171222151857-28d5f157d7ee h1:Dft7JbYk1C78o85JC/GWxORqwd6UVQtzMjjHM+5fVWE=
github.com/crowley-io/macchiato v0.0.0-20171222151857-28d5f157d7ee/go.mod h1:wZ0BOaay9jdm5D0UBk2P5H9x1QA5P9PBho+AOQwTPVE=
github.com/davecgh/go-spew v1.1.0/go.mod h1:J7Y8YcW2NihsgmVo/mv3lAwl/skON4iLHjSsI+c5H38=
github.com/davecgh/go-spew v1.1.1/go.mod h1:J7Y8YcW2NihsgmVo/mv3lAwl/skON4iLHjSsI+c5H38=
github.com/fatih/color v1.7.0 h1:DkWD4oS2D8LGGgTQ6IvwJJXSL5Vp2ffcQg58nFV38Ys=
github.com/fatih/color v1.7.0/go.mod h1:Zm6kSWBoL9eyXnKyktHP6abPY2pDugNf5KwzbycvMj4=
github.com/fatih/structs v1.1.0/go.mod h1:9NiDSp5zOcgEDl+j00MP/WkGVPOlPRLejGD8Ga6PJ7M=
github.com/fatih/structtag v1.0.0 h1:pTHj65+u3RKWYPSGaU290FpI/dXxTaHdVwVwbcPKmEc=
github.com/fatih/structtag v1.0.0/go.mod h1:IKitwq45uXL/yqi5mYghiD3w9H6eTOvI9vnk8tXMphA=
github.com/fsnotify/fsnotify v1.4.7/go.mod h1:jwhsz4b93w/PPRr/qN1Yymfu8t87LnFCMoQvtojpjFo=
github.com/gavv/monotime v0.0.0-20190418164738-30dba4353424/go.mod h1:vmp8DIyckQMXOPl0AQVHt+7n5h7Gb7hS6CUydiV8QeA=
github.com/go-chi/chi v3.3.2+incompatible/go.mod h1:eB3wogJHnLi3x/kFX2A+IbTBlXxmMeXJVKy9tTv1XzQ=
github.com/go-playground/locales v0.12.1 h1:2FITxuFt/xuCNP1Acdhv62OzaCiviiE4kotfhkmOqEc=
github.com/go-playground/locales v0.12.1/go.mod h1:IUMDtCfWo/w/mtMfIE/IG2K+Ey3ygWanZIBtBW0W2TM=
github.com/go-playground/universal-translator v0.16.0 h1:X++omBR/4cE2MNg91AoC3rmGrCjJ8eAeUP/K/EKx4DM=
github.com/go-playground/universal-translator v0.16.0/go.mod h1:1AnU7NaIRDWWzGEKwgtJRd2xk99HeFyHw3yid4rvQIY=
github.com/go-playground/validator v9.30.0+incompatible h1:myhdWhx5UHvLXZ7maUcP0uYxyijMT+smaNAhARBVc9s=
github.com/go-playground/validator v9.30.0+incompatible/go.mod h1:yrEkQXlcI+PugkyDjY2bRrL/UBU4f3rvrgkN3V8JEig=
github.com/gogo/protobuf v1.0.0/go.mod h1:r8qH/GZQm5c6nD/R0oafs1akxWv10x8SbQlK7atdtwQ=
github.com/golang/protobuf v1.2.0/go.mod h1:6lQm79b+lXiMfvg/cZm0SGofjICqVBUtrP5yJMmIC1U=
github.com/golang/protobuf v1.3.2/go.mod h1:6lQm79b+lXiMfvg/cZm0SGofjICqVBUtrP5yJMmIC1U=
github.com/google/go-querystring v1.0.0/go.mod h1:odCYkC5MyYFN7vkCjXpyrEuKhc/BUO6wN/zVPAxq5ck=
github.com/gorilla/context v0.0.0-20160226214623-1ea25387ff6f/go.mod h1:kBGZzfjB9CEq2AlWe17Uuf7NDRt0dE0s8S51q0aT7Yg=
github.com/gorilla/mux v1.6.1/go.mod h1:1lud6UwP+6orDFRuTfBEV8e9/aOM/c4fVVCaMa2zaAs=
github.com/gorilla/websocket v1.2.0/go.mod h1:E7qHFY5m1UJ88s3WnNqhKjPHQ0heANvMoAMk2YaljkQ=
github.com/graphql-go/graphql v0.7.8/go.mod h1:k6yrAYQaSP59DC5UVxbgxESlmVyojThKdORUqGDGmrI=
github.com/hashicorp/golang-lru v0.5.0/go.mod h1:/m3WP610KZHVQ1SGc6re/UDhFvYD7pJ4Ao+sR/qLZy8=
github.com/hashicorp/hcl v1.0.0/go.mod h1:E5yfLk+7swimpb2L/Alb/PJmXilQ/rhwaUYs4T20WEQ=
github.com/hpcloud/tail v1.0.0 h1:nfCOvKYfkgYP8hkirhJocXT2+zOD8yUNjXaWfTlyFKI=
github.com/hpcloud/tail v1.0.0/go.mod h1:ab1qPbhIpdTxEkNHXyeSf5vhxWSCs/tWer42PpOxQnU=
github.com/imkira/go-interpol v1.1.0/go.mod h1:z0h2/2T3XF8kyEPpRgJ3kmNv+C43p+I/CoI+jC3w2iA=
github.com/inconshreveable/mousetrap v1.0.0/go.mod h1:PxqpIevigyE2G7u3NXJIT2ANytuPF1OarO4DADm73n8=
github.com/jamillosantos/go-ceous v0.0.0-20191024205058-ab55257f1f3e h1:mO/hrsQtQI3TihRSKDkpboWzeONsDwBmWJh80bHJvqQ=
github.com/jamillosantos/macchiato v0.0.0-20171220130318-3be045cc5033 h1:R0efOJW2JdoZ7ValaK6iFhWHrlZFeRvV4alZbHg5hnQ=
github.com/jamillosantos/macchiato v0.0.0-20171220130318-3be045cc5033/go.mod h1:JHpPOBFu/UpmWT79z9fw5lQn7Oem6lnkS3jN4ZQdfLQ=
github.com/klauspost/compress v1.4.0/go.mod h1:RyIbtBH6LamlWaDj8nUwkbUhJ87Yi3uG0guNDohfE1A=
github.com/klauspost/compress v1.4.1/go.mod h1:RyIbtBH6LamlWaDj8nUwkbUhJ87Yi3uG0guNDohfE1A=
github.com/klauspost/compress v1.8.2 h1:Bx0qjetmNjdFXASH02NSAREKpiaDwkO1DRZ3dV2KCcs=
github.com/klauspost/compress v1.8.2/go.mod h1:RyIbtBH6LamlWaDj8nUwkbUhJ87Yi3uG0guNDohfE1A=
github.com/klauspost/cpuid v0.0.0-20180405133222-e7e905edc00e/go.mod h1:Pj4uuM528wm8OyEC2QMXAi2YiTZ96dNQPGgoMS4s3ek=
github.com/klauspost/cpuid v1.2.0/go.mod h1:Pj4uuM528wm8OyEC2QMXAi2YiTZ96dNQPGgoMS4s3ek=
github.com/klauspost/cpuid v1.2.1 h1:vJi+O/nMdFt0vqm8NZBI6wzALWdA2X+egi0ogNyrC/w=
github.com/klauspost/cpuid v1.2.1/go.mod h1:Pj4uuM528wm8OyEC2QMXAi2YiTZ96dNQPGgoMS4s3ek=
github.com/kr/pretty v0.1.0/go.mod h1:dAy3ld7l9f0ibDNOQOHHMYYIIbhfbHSm3C4ZsoJORNo=
github.com/kr/pty v1.1.1/go.mod h1:pFQYn66WHrOpPYNljwOMqo10TkYh1fy3cYio2l3bCsQ=
github.com/kr/text v0.1.0/go.mod h1:4Jbv+DJW3UT/LiOwJeYQe1efqtUx/iVham/4vfdArNI=
github.com/lab259/errors v2.1.0+incompatible h1:spmhLIqKUzsog6XhwOpeDY0oX8Q5NguDkMAtCB6trws=
github.com/lab259/errors v2.1.0+incompatible/go.mod h1:MDDGb8dSRNqu9IVhE4C+nF2qFqPPO+n6/Nn1AqyI6rI=
github.com/lab259/errors/v2 v2.3.1 h1:A3JNDk0urcFMj6az7WmRwVBYmx3Sjipartzs+T/HXUA=
github.com/lab259/errors/v2 v2.3.1/go.mod h1:s1UHhAYf1aZA7XjPTQje8OZ2QNkE59pcP52YrZ8Zdt0=
github.com/lab259/go-my-ast-hurts v0.0.0-20191029192755-70e0dd09e3eb h1:O/h1tuc0B1A55PxfLdGd/wqpDBYLRYvI07eRNayyJQw=
github.com/lab259/go-my-ast-hurts v0.0.0-20191029192755-70e0dd09e3eb/go.mod h1:ezp+lyGu0NanL8HChvMz1S+G1ZavPdW9NgcD/mpPkzA=
github.com/lab259/rlog/v2 v2.1.0 h1:yBwAda9dtB1eriF3EbzE5mE1itlR2jg8WpJJVTJmd/g=
github.com/lab259/rlog/v2 v2.1.0/go.mod h1:Rfy8HYLxXb0s/1F98p8fRtrCiIwxA8q5HqsQmXLvKfM=
github.com/leodido/go-urn v1.1.0 h1:Sm1gr51B1kKyfD2BlRcLSiEkffoG96g6TPv6eRoEiB8=
github.com/leodido/go-urn v1.1.0/go.mod h1:+cyI34gQWZcE1eQU7NVgKkkzdXDQHr1dBMtdAPozLkw=
github.com/magiconair/properties v1.8.0/go.mod h1:PppfXfuXeibc/6YijjN8zIbojt8czPbwD3XqdrwzmxQ=
github.com/mattn/go-colorable v0.0.9/go.mod h1:9vuHe8Xs5qXnSaW/c/ABM9alt+Vo+STaOChaDxuIBZU=
github.com/mattn/go-colorable v0.1.2 h1:/bC9yWikZXAL9uJdulbSfyVNIR3n3trXl+v8+1sx8mU=
github.com/mattn/go-colorable v0.1.2/go.mod h1:U0ppj6V5qS13XJ6of8GYAs25YV2eR4EVcfRqFIhoBtE=
github.com/mattn/go-colorable v0.1.4 h1:snbPLB8fVfU9iwbbo30TPtbLRzwWu6aJS6Xh4eaaviA=
github.com/mattn/go-colorable v0.1.4/go.mod h1:U0ppj6V5qS13XJ6of8GYAs25YV2eR4EVcfRqFIhoBtE=
github.com/mattn/go-isatty v0.0.4/go.mod h1:M+lRXTBqGeGNdLjl/ufCoiOlB5xdOkqRJdNxMWT7Zi4=
github.com/mattn/go-isatty v0.0.7/go.mod h1:Iq45c/XA43vh69/j3iqttzPXn0bhXyGjM0Hdxcsrc5s=
github.com/mattn/go-isatty v0.0.8/go.mod h1:Iq45c/XA43vh69/j3iqttzPXn0bhXyGjM0Hdxcsrc5s=
github.com/mattn/go-isatty v0.0.9 h1:d5US/mDsogSGW37IV293h//ZFaeajb69h+EHFsv2xGg=
github.com/mattn/go-isatty v0.0.9/go.mod h1:YNRxwqDuOph6SZLI9vUUz6OYw3QyUt7WiY2yME+cCiQ=
github.com/mattn/go-isatty v0.0.10 h1:qxFzApOv4WsAL965uUPIsXzAKCZxN2p9UqdhFS4ZW10=
github.com/mattn/go-isatty v0.0.10/go.mod h1:qgIWMr58cqv1PHHyhnkY9lrL7etaEgOFcMEpPG5Rm84=
github.com/mitchellh/go-homedir v1.1.0/go.mod h1:SfyaCUpYCn1Vlf4IUYiD9fPX4A5wJrkLzIz1N1q0pr0=
github.com/mitchellh/mapstructure v0.0.0-20180203102830-a4e142e9c047/go.mod h1:FVVH3fgwuzCH5S8UJGiWEs2h04kUh9fWfEaFds41c1Y=
github.com/mitchellh/mapstructure v1.1.2/go.mod h1:FVVH3fgwuzCH5S8UJGiWEs2h04kUh9fWfEaFds41c1Y=
github.com/moul/http2curl v1.0.0/go.mod h1:8UbvGypXm98wA/IqH45anm5Y2Z6ep6O31QGOAZ3H0fQ=
github.com/novln/macchiato v1.0.0 h1:Y+OhACKhBhaZSf1BDLPoDiSYwg2zrYtfClfeZLegGYI=
github.com/novln/macchiato v1.0.0/go.mod h1:h+H8lS5H9FyFZFqjlyiuycbiSYAW2tatt0iF/N60+4c=
github.com/onsi/ginkgo v1.6.0/go.mod h1:lLunBs/Ym6LB5Z9jYTR76FiuTmxDTDusOGeTQH+WWjE=
github.com/onsi/ginkgo v1.7.0/go.mod h1:lLunBs/Ym6LB5Z9jYTR76FiuTmxDTDusOGeTQH+WWjE=
github.com/onsi/ginkgo v1.8.0/go.mod h1:lLunBs/Ym6LB5Z9jYTR76FiuTmxDTDusOGeTQH+WWjE=
github.com/onsi/ginkgo v1.10.1 h1:q/mM8GF/n0shIN8SaAZ0V+jnLPzen6WIVZdiwrRlMlo=
github.com/onsi/ginkgo v1.10.1/go.mod h1:lLunBs/Ym6LB5Z9jYTR76FiuTmxDTDusOGeTQH+WWjE=
github.com/onsi/ginkgo v1.10.2 h1:uqH7bpe+ERSiDa34FDOF7RikN6RzXgduUF8yarlZp94=
github.com/onsi/ginkgo v1.10.2/go.mod h1:lLunBs/Ym6LB5Z9jYTR76FiuTmxDTDusOGeTQH+WWjE=
github.com/onsi/gomega v1.4.3/go.mod h1:ex+gbHU/CVuBBDIJjb2X0qEXbFg53c61hWP/1CpauHY=
github.com/onsi/gomega v1.5.0/go.mod h1:ex+gbHU/CVuBBDIJjb2X0qEXbFg53c61hWP/1CpauHY=
github.com/onsi/gomega v1.7.0 h1:XPnZz8VVBHjVsy1vzJmRwIcSwiUO+JFfrv/xGiigmME=
github.com/onsi/gomega v1.7.0/go.mod h1:ex+gbHU/CVuBBDIJjb2X0qEXbFg53c61hWP/1CpauHY=
github.com/opentracing/basictracer-go v1.0.0/go.mod h1:QfBfYuafItcjQuMwinw9GhYKwFXS9KnPs5lxoYwgW74=
github.com/opentracing/opentracing-go v1.0.2/go.mod h1:UkNAQd3GIcIGf0SeVgPpRdFStlNbqXla1AfSYxPUl2o=
github.com/pelletier/go-toml v1.2.0/go.mod h1:5z9KED0ma1S8pY6P1sdut58dfprrGBbd/94hg7ilaic=
github.com/pkg/errors v0.8.1 h1:iURUrRGxPUNPdy5/HRSm+Yj6okJ6UtLINN0Q9M4+h3I=
github.com/pkg/errors v0.8.1/go.mod h1:bwawxfHBFNV+L2hUp1rHADufV3IMtnDRdf1r5NINEl0=
github.com/pmezard/go-difflib v1.0.0/go.mod h1:iKH77koFhYxTK1pcRnkKkqfTogsbg7gZNVY4sRDYZ/4=
github.com/romana/rlog v0.0.0-20171115192701-f018bc92e7d7 h1:jkvpcEatpwuMF5O5LVxTnehj6YZ/aEZN4NWD/Xml4pI=
github.com/romana/rlog v0.0.0-20171115192701-f018bc92e7d7/go.mod h1:KTrHyWpO1sevuXPZwyeZc72ddWRFqNSKDFl7uVWKpg0=
github.com/rs/cors v1.6.0/go.mod h1:gFx+x8UowdsKA9AchylcLynDq+nNFfI8FkUZdN/jGCU=
github.com/russross/blackfriday v1.5.2/go.mod h1:JO/DiYxRf+HjHt06OyowR9PTA263kcR/rfWxYHBV53g=
github.com/sergi/go-diff v1.0.0/go.mod h1:0CfEIISq7TuYL3j771MWULgwwjU+GofnZX9QAmXWZgo=
github.com/shurcooL/httpfs v0.0.0-20171119174359-809beceb2371/go.mod h1:ZY1cvUeJuFPAdZ/B6v7RHavJWZn2YPVFQ1OSXhCGOkg=
github.com/shurcooL/vfsgen v0.0.0-20180121065927-ffb13db8def0/go.mod h1:TrYk7fJVaAttu97ZZKrO9UbRa8izdowaMIZcxYMbVaw=
github.com/sipin/gorazor v0.0.0-20190714141151-78e1157c9f7d h1:QeT85X8qK6I9h0ZH2e3V0gXb1pt5CN3nWCk8NKpdC68=
github.com/sipin/gorazor v0.0.0-20190714141151-78e1157c9f7d/go.mod h1:IjfAnNow6XFn9MAVnwvy7QqUQPPtJM7jz0WREmdgktU=
github.com/spf13/afero v1.1.2/go.mod h1:j4pytiNVoe2o6bmDsKpLACNPDBIoEAkihy7loJ1B0CQ=
github.com/spf13/cast v1.3.0/go.mod h1:Qx5cxh0v+4UWYiBimWS+eyWzqEqokIECu5etghLkUJE=
github.com/spf13/cobra v0.0.5 h1:f0B+LkLX6DtmRH1isoNA9VTtNUK9K8xYd28JNNfOv/s=
github.com/spf13/cobra v0.0.5/go.mod h1:3K3wKZymM7VvHMDS9+Akkh4K60UwM26emMESw8tLCHU=
github.com/spf13/jwalterweatherman v1.0.0/go.mod h1:cQK4TGJAtQXfYWX+Ddv3mKDzgVb68N+wFjFa4jdeBTo=
github.com/spf13/pflag v1.0.3 h1:zPAT6CGy6wXeQ7NtTnaTerfKOsV6V6F8agHXFiazDkg=
github.com/spf13/pflag v1.0.3/go.mod h1:DYY7MBk1bdzusC3SYhjObp+wFpr4gzcvqqNjLnInEg4=
github.com/spf13/viper v1.3.2/go.mod h1:ZiWeW+zYFKm7srdB9IoDzzZXaJaI5eL9QjNiN/DMA2s=
github.com/stretchr/objx v0.1.0/go.mod h1:HFkY916IF+rwdDfMAkV7OtwuqBVzrE8GR6GFx+wExME=
github.com/stretchr/testify v1.2.1/go.mod h1:a8OnRcib4nhh0OaRAV+Yts87kKdq0PP7pXfy6kDkUVs=
github.com/stretchr/testify v1.2.2/go.mod h1:a8OnRcib4nhh0OaRAV+Yts87kKdq0PP7pXfy6kDkUVs=
github.com/stretchr/testify v1.3.0/go.mod h1:M5WIy9Dh21IEIfnGCwXGc5bZfKNJtfHm1UVUgZn+9EI=
github.com/ugorji/go/codec v0.0.0-20181204163529-d75b2dcb6bc8/go.mod h1:VFNgLljTbGfSG7qAOspJ7OScBnGdDN/yBr0sguwnwf0=
github.com/urfave/cli v1.20.0/go.mod h1:70zkFmudgCuE/ngEzBv17Jvp/497gISqfk5gWijbERA=
github.com/valyala/bytebufferpool v1.0.0 h1:GqA5TC/0021Y/b9FG4Oi9Mr3q7XYx6KllzawFIhcdPw=
github.com/valyala/bytebufferpool v1.0.0/go.mod h1:6bBcMArwyJ5K/AmCkWv1jt77kVWyCJ6HpOuEn7z0Csc=
github.com/valyala/fasthttp v1.2.0/go.mod h1:4vX61m6KN+xDduDNwXrhIAVZaZaZiQ1luJk8LWSxF3s=
github.com/valyala/fasthttp v1.3.0/go.mod h1:4vX61m6KN+xDduDNwXrhIAVZaZaZiQ1luJk8LWSxF3s=
github.com/valyala/fasthttp v1.5.0 h1:dhq+O9pmNZFF6qAXpasMO1xSm7dL4qEz2ylfZN8BG9w=
github.com/valyala/fasthttp v1.5.0/go.mod h1:eriCz9OhZjKCGfJ185a/IDgNl0bg9IbzfpcslMZXU1c=
github.com/valyala/quicktemplate v1.1.1/go.mod h1:EH+4AkTd43SvgIbQHYu59/cJyxDoOVRUAfrukLPuGJ4=
github.com/valyala/tcplisten v0.0.0-20161114210144-ceec8f93295a/go.mod h1:v3UYOV9WzVtRmSR+PDvWpU/qWl4Wa5LApYYX4ZtKbio=
github.com/vektah/dataloaden v0.2.1-0.20190515034641-a19b9a6e7c9e/go.mod h1:/HUdMve7rvxZma+2ZELQeNh88+003LL7Pf/CZ089j8U=
github.com/vektah/gqlparser v1.1.2/go.mod h1:1ycwN7Ij5njmMkPPAOaRFY4rET2Enx7IkVv3vaXspKw=
github.com/xeipuuv/gojsonpointer v0.0.0-20180127040702-4e3ac2762d5f/go.mod h1:N2zxlSyiKSe5eX1tZViRH5QA0qijqEDrYZiPEAiq3wU=
github.com/xeipuuv/gojsonreference v0.0.0-20180127040603-bd5ef7bd5415/go.mod h1:GwrjFmJcFw6At/Gs6z4yjiIwzuJ1/+UwLxMQDVQXShQ=
github.com/xeipuuv/gojsonschema v1.1.0/go.mod h1:5yf86TLmAcydyeJq5YvxkGPE2fm/u4myDekKRoLuqhs=
github.com/xordataexchange/crypt v0.0.3-0.20170626215501-b2862e3d0a77/go.mod h1:aYKd//L2LvnjZzWKhF00oedf4jCCReLcmhLdhm1A27Q=
github.com/yalp/jsonpath v0.0.0-20180802001716-5cc68e5049a0/go.mod h1:/LWChgwKmvncFJFHJ7Gvn9wZArjbV5/FppcK2fKk/tI=
github.com/yudai/gojsondiff v0.0.0-20170107030110-7b1b7adf999d/go.mod h1:AY32+k2cwILAkW1fbgxQ5mUmMiZFgLIV+FBNExI05xg=
github.com/yudai/golcs v0.0.0-20170316035057-ecda9a501e82/go.mod h1:lgjkn3NuSvDfVJdfcVVdX+jpBxNmX4rDAzaS45IcYoM=
golang.org/x/crypto v0.0.0-20181203042331-505ab145d0a9/go.mod h1:6SG95UA2DQfeDnfUPMdvaQW0Q7yPrPDi9nlGo2tz2b4=
golang.org/x/crypto v0.0.0-20190308221718-c2843e01d9a2/go.mod h1:djNgcEr1/C05ACkg1iLfiJU5Ep61QUkGW8qpdssI0+w=
golang.org/x/crypto v0.0.0-20190411191339-88737f569e3a/go.mod h1:WFFai1msRO1wXaEeE5yQxYXgSfI8pQAWXbQop6sCtWE=
golang.org/x/crypto v0.0.0-20191029031824-8986dd9e96cf h1:fnPsqIDRbCSgumaMCRpoIoF2s4qxv0xSSS0BVZUE/ss=
golang.org/x/crypto v0.0.0-20191029031824-8986dd9e96cf/go.mod h1:LzIPMQfyMNhhGPhUkYOs5KpL4U8rLKemX1yGLhDgUto=
golang.org/x/net v0.0.0-20180906233101-161cd47e91fd/go.mod h1:mL1N/T3taQHkDXs73rZJwtUhF3w3ftmwwsq0BUmARs4=
golang.org/x/net v0.0.0-20180911220305-26e67e76b6c3/go.mod h1:mL1N/T3taQHkDXs73rZJwtUhF3w3ftmwwsq0BUmARs4=
golang.org/x/net v0.0.0-20190311183353-d8887717615a/go.mod h1:t9HGtf8HONx5eT2rtn7q6eTqICYqUVnKs3thJo3Qplg=
golang.org/x/net v0.0.0-20190404232315-eb5bcb51f2a3/go.mod h1:t9HGtf8HONx5eT2rtn7q6eTqICYqUVnKs3thJo3Qplg=
golang.org/x/net v0.0.0-20190620200207-3b0461eec859/go.mod h1:z5CRVTTTmAJ677TzLLGU+0bjPO0LkuOLi4/5GtJWs/s=
golang.org/x/net v0.0.0-20190827160401-ba9fcec4b297 h1:k7pJ2yAPLPgbskkFdhRCsA77k2fySZ1zf2zCjvQCiIM=
golang.org/x/net v0.0.0-20190827160401-ba9fcec4b297/go.mod h1:z5CRVTTTmAJ677TzLLGU+0bjPO0LkuOLi4/5GtJWs/s=
golang.org/x/net v0.0.0-20191021144547-ec77196f6094/go.mod h1:z5CRVTTTmAJ677TzLLGU+0bjPO0LkuOLi4/5GtJWs/s=
golang.org/x/net v0.0.0-20191028085509-fe3aa8a45271 h1:N66aaryRB3Ax92gH0v3hp1QYZ3zWWCCUR/j8Ifh45Ss=
golang.org/x/net v0.0.0-20191028085509-fe3aa8a45271/go.mod h1:z5CRVTTTmAJ677TzLLGU+0bjPO0LkuOLi4/5GtJWs/s=
golang.org/x/sync v0.0.0-20180314180146-1d60e4601c6f/go.mod h1:RxMgew5VJxzue5/jJTE5uejpjVlOe/izrB70Jof72aM=
golang.org/x/sync v0.0.0-20190423024810-112230192c58/go.mod h1:RxMgew5VJxzue5/jJTE5uejpjVlOe/izrB70Jof72aM=
golang.org/x/sync v0.0.0-20190911185100-cd5d95a43a6e/go.mod h1:RxMgew5VJxzue5/jJTE5uejpjVlOe/izrB70Jof72aM=
golang.org/x/sys v0.0.0-20180909124046-d0be0721c37e/go.mod h1:STP8DvDyc/dI5b8T5hshtkjS+E42TnysNCUPdjciGhY=
golang.org/x/sys v0.0.0-20181205085412-a5c9d58dba9a/go.mod h1:STP8DvDyc/dI5b8T5hshtkjS+E42TnysNCUPdjciGhY=
golang.org/x/sys v0.0.0-20190215142949-d0b11bdaac8a/go.mod h1:STP8DvDyc/dI5b8T5hshtkjS+E42TnysNCUPdjciGhY=
golang.org/x/sys v0.0.0-20190222072716-a9d3bda3a223/go.mod h1:STP8DvDyc/dI5b8T5hshtkjS+E42TnysNCUPdjciGhY=
golang.org/x/sys v0.0.0-20190403152447-81d4e9dc473e/go.mod h1:h1NjWce9XRLGQEsW7wpKNCjG9DtNlClVuFLEZdDNbEs=
golang.org/x/sys v0.0.0-20190412213103-97732733099d/go.mod h1:h1NjWce9XRLGQEsW7wpKNCjG9DtNlClVuFLEZdDNbEs=
golang.org/x/sys v0.0.0-20190813064441-fde4db37ae7a h1:aYOabOQFp6Vj6W1F80affTUvO9UxmJRx8K0gsfABByQ=
golang.org/x/sys v0.0.0-20190813064441-fde4db37ae7a/go.mod h1:h1NjWce9XRLGQEsW7wpKNCjG9DtNlClVuFLEZdDNbEs=
golang.org/x/sys v0.0.0-20191008105621-543471e840be/go.mod h1:h1NjWce9XRLGQEsW7wpKNCjG9DtNlClVuFLEZdDNbEs=
golang.org/x/sys v0.0.0-20191023151326-f89234f9a2c2/go.mod h1:h1NjWce9XRLGQEsW7wpKNCjG9DtNlClVuFLEZdDNbEs=
golang.org/x/sys v0.0.0-20191029155521-f43be2a4598c h1:S/FtSvpNLtFBgjTqcKsRpsa6aVsI6iztaz1bQd9BJwE=
golang.org/x/sys v0.0.0-20191029155521-f43be2a4598c/go.mod h1:h1NjWce9XRLGQEsW7wpKNCjG9DtNlClVuFLEZdDNbEs=
golang.org/x/text v0.3.0 h1:g61tztE5qeGQ89tm6NTjjM9VPIm088od1l6aSorWRWg=
golang.org/x/text v0.3.0/go.mod h1:NqM8EUOU14njkJ3fqMW+pc6Ldnwhi/IjpwHt7yyuwOQ=
golang.org/x/text v0.3.2 h1:tW2bmiBqwgJj/UpqtC8EpXEZVYOwU0yG4iWbprSVAcs=
golang.org/x/text v0.3.2/go.mod h1:bEr9sfX3Q8Zfm5fL9x+3itogRgK3+ptLWKqgva+5dAk=
golang.org/x/tools v0.0.0-20180917221912-90fa682c2a6e/go.mod h1:n7NCudcB/nEzxVGmLbDWY5pfWTLqBcC2KZ6jyYvM4mQ=
golang.org/x/tools v0.0.0-20190125232054-d66bd3c5d5a6/go.mod h1:n7NCudcB/nEzxVGmLbDWY5pfWTLqBcC2KZ6jyYvM4mQ=
golang.org/x/tools v0.0.0-20190515012406-7d7faa4812bd/go.mod h1:RgjU9mgBXZiqYHBnxXauZ1Gv1EHHAz9KjViQ78xBX0Q=
golang.org/x/tools v0.0.0-20190617190820-da514acc4774/go.mod h1:/rFqwRUd4F7ZHNgwSSTFct+R/Kf4OFW1sUzUTQQTgfc=
golang.org/x/tools v0.0.0-20190906203814-12febf440ab1/go.mod h1:b+2E5dAYhXwXZwtnZ6UAqBI28+e2cm9otk0dWdXHAEo=
golang.org/x/tools v0.0.0-20191029171147-ff30247f344b/go.mod h1:b+2E5dAYhXwXZwtnZ6UAqBI28+e2cm9otk0dWdXHAEo=
golang.org/x/xerrors v0.0.0-20190717185122-a985d3407aa7/go.mod h1:I/5z698sn9Ka8TeJc9MKroUUfqBBauWjQqLJ2OPfmY0=
golang.org/x/xerrors v0.0.0-20191011141410-1b5146add898/go.mod h1:I/5z698sn9Ka8TeJc9MKroUUfqBBauWjQqLJ2OPfmY0=
gopkg.in/check.v1 v0.0.0-20161208181325-20d25e280405/go.mod h1:Co6ibVJAznAaIkqp8huTwlJQCZ016jof/cbN4VW5Yz0=
gopkg.in/check.v1 v1.0.0-20180628173108-788fd7840127/go.mod h1:Co6ibVJAznAaIkqp8huTwlJQCZ016jof/cbN4VW5Yz0=
gopkg.in/check.v1 v1.0.0-20190902080502-41f04d3bba15/go.mod h1:Co6ibVJAznAaIkqp8huTwlJQCZ016jof/cbN4VW5Yz0=
gopkg.in/fsnotify.v1 v1.4.7 h1:xOHLXZwVvI9hhs+cLKq5+I5onOuwQLhQwiu63xxlHs4=
gopkg.in/fsnotify.v1 v1.4.7/go.mod h1:Tz8NjZHkW78fSQdbUxIjBTcgA1z1m8ZHf0WmKUhAMys=
gopkg.in/fsnotify/fsnotify.v1 v1.4.7/go.mod h1:Fyux9zXlo4rWoMSIzpn9fDAYjalPqJ/K1qJ27s+7ltE=
gopkg.in/gavv/httpexpect.v1 v1.0.0/go.mod h1:WtiW9ZA1LdaWqtQRo1VbIL/v4XZ8NDta+O/kSpGgVek=
gopkg.in/go-playground/assert.v1 v1.2.1 h1:xoYuJVE7KT85PYWrN730RguIQO0ePzVRfFMXadIrXTM=
gopkg.in/go-playground/assert.v1 v1.2.1/go.mod h1:9RXL0bg/zibRAgZUYszZSwO/z8Y/a8bDuhia5mkpMnE=
gopkg.in/go-playground/validator.v9 v9.23.0/go.mod h1:+c9/zcJMFNgbLvly1L1V+PpxWdVbfP1avr/N00E2vyQ=
gopkg.in/go-playground/validator.v9 v9.30.0 h1:Wk0Z37oBmKj9/n+tPyBHZmeL19LaCoK3Qq48VwYENss=
gopkg.in/go-playground/validator.v9 v9.30.0/go.mod h1:+c9/zcJMFNgbLvly1L1V+PpxWdVbfP1avr/N00E2vyQ=
gopkg.in/tomb.v1 v1.0.0-20141024135613-dd632973f1e7 h1:uRGJdciOHaEIrze2W8Q3AKkepLTh2hOroT7a+7czfdQ=
gopkg.in/tomb.v1 v1.0.0-20141024135613-dd632973f1e7/go.mod h1:dt/ZhP58zS4L8KSrWDmTeBkI65Dw0HsyUHuEVlX15mw=
gopkg.in/yaml.v2 v2.2.1/go.mod h1:hI93XBmqTisBFMUTm0b8Fm+jr3Dg1NNxqwp+5A1VGuI=
gopkg.in/yaml.v2 v2.2.2 h1:ZCJp+EgiOT7lHqUV2J862kp8Qj64Jo6az82+3Td9dZw=
gopkg.in/yaml.v2 v2.2.2/go.mod h1:hI93XBmqTisBFMUTm0b8Fm+jr3Dg1NNxqwp+5A1VGuI=
gopkg.in/yaml.v2 v2.2.4 h1:/eiJrUcujPVeJ3xlSWaiNi3uSVmDGBK1pDHUHAnao1I=
gopkg.in/yaml.v2 v2.2.4/go.mod h1:hI93XBmqTisBFMUTm0b8Fm+jr3Dg1NNxqwp+5A1VGuI=
sourcegraph.com/sourcegraph/appdash v0.0.0-20180110180208-2cc67fd64755/go.mod h1:hI742Nqp5OhwiqlzhgfbWU4mW4yO10fP+LoT9WOswdU=
sourcegraph.com/sourcegraph/appdash-data v0.0.0-20151005221446-73f23eafcf67/go.mod h1:L5q+DGLGOQFpo1snNEkLOJT2d1YTW66rWNzatr3He1k=
